
Microsoft Visual Studio Solution File, Format Version 12.00
# Visual Studio 15
VisualStudioVersion = 15.0.28307.329
MinimumVisualStudioVersion = 10.0.40219.1
Project("{FAE04EC0-301F-11D3-BF4B-00C04F79EFBC}") = "MinecraftServerWrapperTest1", "MinecraftServerWrapperTest1\MinecraftServerWrapperTest1.csproj", "{6EED2E5C-07F4-40A9-BF19-6637EE80BD0A}"
EndProject
Global
	GlobalSection(SolutionConfigurationPlatforms) = preSolution
		Debug|Any CPU = Debug|Any CPU
		DeployRelease|Any CPU = DeployRelease|Any CPU
		Release|Any CPU = Release|Any CPU
	EndGlobalSection
	GlobalSection(ProjectConfigurationPlatforms) = postSolution
		{6EED2E5C-07F4-40A9-BF19-6637EE80BD0A}.Debug|Any CPU.ActiveCfg = Debug|Any CPU
		{6EED2E5C-07F4-40A9-BF19-6637EE80BD0A}.Debug|Any CPU.Build.0 = Debug|Any CPU
		{6EED2E5C-07F4-40A9-BF19-6637EE80BD0A}.DeployRelease|Any CPU.ActiveCfg = DeployRelease|Any CPU
		{6EED2E5C-07F4-40A9-BF19-6637EE80BD0A}.DeployRelease|Any CPU.Build.0 = DeployRelease|Any CPU
		{6EED2E5C-07F4-40A9-BF19-6637EE80BD0A}.Release|Any CPU.ActiveCfg = Release|Any CPU
		{6EED2E5C-07F4-40A9-BF19-6637EE80BD0A}.Release|Any CPU.Build.0 = Release|Any CPU
	EndGlobalSection
	GlobalSection(SolutionProperties) = preSolution
		HideSolutionNode = FALSE
	EndGlobalSection
	GlobalSection(ExtensibilityGlobals) = postSolution
		SolutionGuid = {5BE94563-ED77-4AE4-A494-F0037F04A4C5}
	EndGlobalSection
EndGlobal
